
Microsoft Visual Studio Solution File, Format Version 12.00
# Visual Studio Version 17
VisualStudioVersion = 17.14.36414.22
MinimumVisualStudioVersion = 10.0.40219.1
Project("{9A19103F-16F7-4668-BE54-9A1E7A4F7556}") = "API-asemp", "API-asemp.csproj", "{E77EB493-9A9B-4A99-9DC0-8FD6FC629D91}"
EndProject
Global
	GlobalSection(SolutionConfigurationPlatforms) = preSolution
		Debug|Any CPU = Debug|Any CPU
		Release|Any CPU = Release|Any CPU
	EndGlobalSection
	GlobalSection(ProjectConfigurationPlatforms) = postSolution
		{E77EB493-9A9B-4A99-9DC0-8FD6FC629D91}.Debug|Any CPU.ActiveCfg = Debug|Any CPU
		{E77EB493-9A9B-4A99-9DC0-8FD6FC629D91}.Debug|Any CPU.Build.0 = Debug|Any CPU
		{E77EB493-9A9B-4A99-9DC0-8FD6FC629D91}.Release|Any CPU.ActiveCfg = Release|Any CPU
		{E77EB493-9A9B-4A99-9DC0-8FD6FC629D91}.Release|Any CPU.Build.0 = Release|Any CPU
	EndGlobalSection
	GlobalSection(SolutionProperties) = preSolution
		HideSolutionNode = FALSE
	EndGlobalSection
	GlobalSection(ExtensibilityGlobals) = postSolution
		SolutionGuid = {90F81CA2-DC15-4B5F-9B00-3DE33DF1D178}
	EndGlobalSection
EndGlobal
